
Microsoft Visual Studio Solution File, Format Version 11.00
# Visual Studio 2010
Project("{FAE04EC0-301F-11D3-BF4B-00C04F79EFBC}") = "dbms", "dbms\dbms.csproj", "{E4404F2E-B8C6-48D0-84CA-5987E9540DEA}"
EndProject
Global
	GlobalSection(SolutionConfigurationPlatforms) = preSolution
		Debug|x86 = Debug|x86
		Release|x86 = Release|x86
	EndGlobalSection
	GlobalSection(ProjectConfigurationPlatforms) = postSolution
		{E4404F2E-B8C6-48D0-84CA-5987E9540DEA}.Debug|x86.ActiveCfg = Debug|x86
		{E4404F2E-B8C6-48D0-84CA-5987E9540DEA}.Debug|x86.Build.0 = Debug|x86
		{E4404F2E-B8C6-48D0-84CA-5987E9540DEA}.Release|x86.ActiveCfg = Release|x86
		{E4404F2E-B8C6-48D0-84CA-5987E9540DEA}.Release|x86.Build.0 = Release|x86
	EndGlobalSection
	GlobalSection(SolutionProperties) = preSolution
		HideSolutionNode = FALSE
	EndGlobalSection
EndGlobal
